// !$*UTF8*$!
{
	archiveVersion = 1;
	classes = {
	};
	objectVersion = 77;
	objects = {

/* Begin PBXBuildFile section */
		AB60ED702CDCCD96009395A7 /* CoreXLSX in Frameworks */ = {isa = PBXBuildFile; productRef = AB60ED6F2CDCCD96009395A7 /* CoreXLSX */; };
/* End PBXBuildFile section */

/* Begin PBXContainerItemProxy section */
		ABAE9D2E2CDB4D7B005EA3A1 /* PBXContainerItemProxy */ = {
			isa = PBXContainerItemProxy;
			containerPortal = ABAE9D152CDB4D7B005EA3A1 /* Project object */;
			proxyType = 1;
			remoteGlobalIDString = ABAE9D1C2CDB4D7B005EA3A1;
			remoteInfo = JSBarcodes;
		};
		ABAE9D382CDB4D7B005EA3A1 /* PBXContainerItemProxy */ = {
			isa = PBXContainerItemProxy;
			containerPortal = ABAE9D152CDB4D7B005EA3A1 /* Project object */;
			proxyType = 1;
			remoteGlobalIDString = ABAE9D1C2CDB4D7B005EA3A1;
			remoteInfo = JSBarcodes;
		};
/* End PBXContainerItemProxy section */

/* Begin PBXFileReference section */
		ABAE9D1D2CDB4D7B005EA3A1 /* JSBarcodes.app */ = {isa = PBXFileReference; explicitFileType = wrapper.application; includeInIndex = 0; path = JSBarcodes.app; sourceTree = BUILT_PRODUCTS_DIR; };
		ABAE9D2D2CDB4D7B005EA3A1 /* JSBarcodesTests.xctest */ = {isa = PBXFileReference; explicitFileType = wrapper.cfbundle; includeInIndex = 0; path = JSBarcodesTests.xctest; sourceTree = BUILT_PRODUCTS_DIR; };
		ABAE9D372CDB4D7B005EA3A1 /* JSBarcodesUITests.xctest */ = {isa = PBXFileReference; explicitFileType = wrapper.cfbundle; includeInIndex = 0; path = JSBarcodesUITests.xctest; sourceTree = BUILT_PRODUCTS_DIR; };
/* End PBXFileReference section */

/* Begin PBXFileSystemSynchronizedBuildFileExceptionSet section */
		AB129CD42CDCD060008A99A3 /* Exceptions for "JSBarcodes" folder in "JSBarcodes" target */ = {
			isa = PBXFileSystemSynchronizedBuildFileExceptionSet;
			membershipExceptions = (
				"Preview Content/Preview Assets.xcassets",
			);
			target = ABAE9D1C2CDB4D7B005EA3A1 /* JSBarcodes */;
		};
/* End PBXFileSystemSynchronizedBuildFileExceptionSet section */

/* Begin PBXFileSystemSynchronizedRootGroup section */
		ABAE9D1F2CDB4D7B005EA3A1 /* JSBarcodes */ = {
			isa = PBXFileSystemSynchronizedRootGroup;
			exceptions = (
				AB129CD42CDCD060008A99A3 /* Exceptions for "JSBarcodes" folder in "JSBarcodes" target */,
			);
			path = JSBarcodes;
			sourceTree = "<group>";
		};
		ABAE9D302CDB4D7B005EA3A1 /* JSBarcodesTests */ = {
			isa = PBXFileSystemSynchronizedRootGroup;
			path = JSBarcodesTests;
			sourceTree = "<group>";
		};
		ABAE9D3A2CDB4D7B005EA3A1 /* JSBarcodesUITests */ = {
			isa = PBXFileSystemSynchronizedRootGroup;
			path = JSBarcodesUITests;
			sourceTree = "<group>";
		};
/* End PBXFileSystemSynchronizedRootGroup section */

/* Begin PBXFrameworksBuildPhase section */
		ABAE9D1A2CDB4D7B005EA3A1 /* Frameworks */ = {
			isa = PBXFrameworksBuildPhase;
			buildActionMask = 2147483647;
			files = (
				AB60ED702CDCCD96009395A7 /* CoreXLSX in Frameworks */,
			);
			runOnlyForDeploymentPostprocessing = 0;
		};
		ABAE9D2A2CDB4D7B005EA3A1 /* Frameworks */ = {
			isa = PBXFrameworksBuildPhase;
			buildActionMask = 2147483647;
			files = (
			);
			runOnlyForDeploymentPostprocessing = 0;
		};
		ABAE9D342CDB4D7B005EA3A1 /* Frameworks */ = {
			isa = PBXFrameworksBuildPhase;
			buildActionMask = 2147483647;
			files = (
			);
			runOnlyForDeploymentPostprocessing = 0;
		};
/* End PBXFrameworksBuildPhase section */

/* Begin PBXGroup section */
		ABAE9D142CDB4D7B005EA3A1 = {
			isa = PBXGroup;
			children = (
				ABAE9D1F2CDB4D7B005EA3A1 /* JSBarcodes */,
				ABAE9D302CDB4D7B005EA3A1 /* JSBarcodesTests */,
				ABAE9D3A2CDB4D7B005EA3A1 /* JSBarcodesUITests */,
				ABAE9D4D2CDB5269005EA3A1 /* Frameworks */,
				ABAE9D1E2CDB4D7B005EA3A1 /* Products */,
			);
			sourceTree = "<group>";
		};
		ABAE9D1E2CDB4D7B005EA3A1 /* Products */ = {
			isa = PBXGroup;
			children = (
				ABAE9D1D2CDB4D7B005EA3A1 /* JSBarcodes.app */,
				ABAE9D2D2CDB4D7B005EA3A1 /* JSBarcodesTests.xctest */,
				ABAE9D372CDB4D7B005EA3A1 /* JSBarcodesUITests.xctest */,
			);
			name = Products;
			sourceTree = "<group>";
		};
		ABAE9D4D2CDB5269005EA3A1 /* Frameworks */ = {
			isa = PBXGroup;
			children = (
			);
			name = Frameworks;
			sourceTree = "<group>";
		};
/* End PBXGroup section */

/* Begin PBXNativeTarget section */
		ABAE9D1C2CDB4D7B005EA3A1 /* JSBarcodes */ = {
			isa = PBXNativeTarget;
			buildConfigurationList = ABAE9D412CDB4D7B005EA3A1 /* Build configuration list for PBXNativeTarget "JSBarcodes" */;
			buildPhases = (
				ABAE9D192CDB4D7B005EA3A1 /* Sources */,
				ABAE9D1A2CDB4D7B005EA3A1 /* Frameworks */,
				ABAE9D1B2CDB4D7B005EA3A1 /* Resources */,
			);
			buildRules = (
			);
			dependencies = (
			);
			fileSystemSynchronizedGroups = (
				ABAE9D1F2CDB4D7B005EA3A1 /* JSBarcodes */,
			);
			name = JSBarcodes;
			packageProductDependencies = (
				AB60ED6F2CDCCD96009395A7 /* CoreXLSX */,
			);
			productName = JSBarcodes;
			productReference = ABAE9D1D2CDB4D7B005EA3A1 /* JSBarcodes.app */;
			productType = "com.apple.product-type.application";
		};
		ABAE9D2C2CDB4D7B005EA3A1 /* JSBarcodesTests */ = {
			isa = PBXNativeTarget;
			buildConfigurationList = ABAE9D442CDB4D7B005EA3A1 /* Build configuration list for PBXNativeTarget "JSBarcodesTests" */;
			buildPhases = (
				ABAE9D292CDB4D7B005EA3A1 /* Sources */,
				ABAE9D2A2CDB4D7B005EA3A1 /* Frameworks */,
				ABAE9D2B2CDB4D7B005EA3A1 /* Resources */,
			);
			buildRules = (
			);
			dependencies = (
				ABAE9D2F2CDB4D7B005EA3A1 /* PBXTargetDependency */,
			);
			fileSystemSynchronizedGroups = (
				ABAE9D302CDB4D7B005EA3A1 /* JSBarcodesTests */,
			);
			name = JSBarcodesTests;
			packageProductDependencies = (
			);
			productName = JSBarcodesTests;
			productReference = ABAE9D2D2CDB4D7B005EA3A1 /* JSBarcodesTests.xctest */;
			productType = "com.apple.product-type.bundle.unit-test";
		};
		ABAE9D362CDB4D7B005EA3A1 /* JSBarcodesUITests */ = {
			isa = PBXNativeTarget;
			buildConfigurationList = ABAE9D472CDB4D7B005EA3A1 /* Build configuration list for PBXNativeTarget "JSBarcodesUITests" */;
			buildPhases = (
				ABAE9D332CDB4D7B005EA3A1 /* Sources */,
				ABAE9D342CDB4D7B005EA3A1 /* Frameworks */,
				ABAE9D352CDB4D7B005EA3A1 /* Resources */,
			);
			buildRules = (
			);
			dependencies = (
				ABAE9D392CDB4D7B005EA3A1 /* PBXTargetDependency */,
			);
			fileSystemSynchronizedGroups = (
				ABAE9D3A2CDB4D7B005EA3A1 /* JSBarcodesUITests */,
			);
			name = JSBarcodesUITests;
			packageProductDependencies = (
			);
			productName = JSBarcodesUITests;
			productReference = ABAE9D372CDB4D7B005EA3A1 /* JSBarcodesUITests.xctest */;
			productType = "com.apple.product-type.bundle.ui-testing";
		};
/* End PBXNativeTarget section */

/* Begin PBXProject section */
		ABAE9D152CDB4D7B005EA3A1 /* Project object */ = {
			isa = PBXProject;
			attributes = {
				BuildIndependentTargetsInParallel = 1;
				LastSwiftUpdateCheck = 1610;
				LastUpgradeCheck = 1610;
				TargetAttributes = {
					ABAE9D1C2CDB4D7B005EA3A1 = {
						CreatedOnToolsVersion = 16.1;
					};
					ABAE9D2C2CDB4D7B005EA3A1 = {
						CreatedOnToolsVersion = 16.1;
						TestTargetID = ABAE9D1C2CDB4D7B005EA3A1;
					};
					ABAE9D362CDB4D7B005EA3A1 = {
						CreatedOnToolsVersion = 16.1;
						TestTargetID = ABAE9D1C2CDB4D7B005EA3A1;
					};
				};
			};
			buildConfigurationList = ABAE9D182CDB4D7B005EA3A1 /* Build configuration list for PBXProject "JSBarcodes" */;
			developmentRegion = en;
			hasScannedForEncodings = 0;
			knownRegions = (
				en,
				Base,
			);
			mainGroup = ABAE9D142CDB4D7B005EA3A1;
			minimizedProjectReferenceProxies = 1;
			packageReferences = (
				AB60ED6E2CDCCD82009395A7 /* XCRemoteSwiftPackageReference "CoreXLSX" */,
			);
			preferredProjectObjectVersion = 77;
			productRefGroup = ABAE9D1E2CDB4D7B005EA3A1 /* Products */;
			projectDirPath = "";
			projectRoot = "";
			targets = (
				ABAE9D1C2CDB4D7B005EA3A1 /* JSBarcodes */,
				ABAE9D2C2CDB4D7B005EA3A1 /* JSBarcodesTests */,
				ABAE9D362CDB4D7B005EA3A1 /* JSBarcodesUITests */,
			);
		};
/* End PBXProject section */

/* Begin PBXResourcesBuildPhase section */
		ABAE9D1B2CDB4D7B005EA3A1 /* Resources */ = {
			isa = PBXResourcesBuildPhase;
			buildActionMask = 2147483647;
			files = (
			);
			runOnlyForDeploymentPostprocessing = 0;
		};
		ABAE9D2B2CDB4D7B005EA3A1 /* Resources */ = {
			isa = PBXResourcesBuildPhase;
			buildActionMask = 2147483647;
			files = (
			);
			runOnlyForDeploymentPostprocessing = 0;
		};
		ABAE9D352CDB4D7B005EA3A1 /* Resources */ = {
			isa = PBXResourcesBuildPhase;
			buildActionMask = 2147483647;
			files = (
			);
			runOnlyForDeploymentPostprocessing = 0;
		};
/* End PBXResourcesBuildPhase section */

/* Begin PBXSourcesBuildPhase section */
		ABAE9D192CDB4D7B005EA3A1 /* Sources */ = {
			isa = PBXSourcesBuildPhase;
			buildActionMask = 2147483647;
			files = (
			);
			runOnlyForDeploymentPostprocessing = 0;
		};
		ABAE9D292CDB4D7B005EA3A1 /* Sources */ = {
			isa = PBXSourcesBuildPhase;
			buildActionMask = 2147483647;
			files = (
			);
			runOnlyForDeploymentPostprocessing = 0;
		};
		ABAE9D332CDB4D7B005EA3A1 /* Sources */ = {
			isa = PBXSourcesBuildPhase;
			buildActionMask = 2147483647;
			files = (
			);
			runOnlyForDeploymentPostprocessing = 0;
		};
/* End PBXSourcesBuildPhase section */

/* Begin PBXTargetDependency section */
		ABAE9D2F2CDB4D7B005EA3A1 /* PBXTargetDependency */ = {
			isa = PBXTargetDependency;
			target = ABAE9D1C2CDB4D7B005EA3A1 /* JSBarcodes */;
			targetProxy = ABAE9D2E2CDB4D7B005EA3A1 /* PBXContainerItemProxy */;
		};
		ABAE9D392CDB4D7B005EA3A1 /* PBXTargetDependency */ = {
			isa = PBXTargetDependency;
			target = ABAE9D1C2CDB4D7B005EA3A1 /* JSBarcodes */;
			targetProxy = ABAE9D382CDB4D7B005EA3A1 /* PBXContainerItemProxy */;
		};
/* End PBXTargetDependency section */

/* Begin XCBuildConfiguration section */
		ABAE9D3F2CDB4D7B005EA3A1 /* Debug */ = {
			isa = XCBuildConfiguration;
			buildSettings = {
				ALWAYS_SEARCH_USER_PATHS = NO;
				ASSETCATALOG_COMPILER_GENERATE_SWIFT_ASSET_SYMBOL_EXTENSIONS = YES;
				CLANG_ANALYZER_NONNULL = YES;
				CLANG_ANALYZER_NUMBER_OBJECT_CONVERSION = YES_AGGRESSIVE;
				CLANG_CXX_LANGUAGE_STANDARD = "gnu++20";
				CLANG_ENABLE_MODULES = YES;
				CLANG_ENABLE_OBJC_ARC = YES;
				CLANG_ENABLE_OBJC_WEAK = YES;
				CLANG_WARN_BLOCK_CAPTURE_AUTORELEASING = YES;
				CLANG_WARN_BOOL_CONVERSION = YES;
				CLANG_WARN_COMMA = YES;
				CLANG_WARN_CONSTANT_CONVERSION = YES;
				CLANG_WARN_DEPRECATED_OBJC_IMPLEMENTATIONS = YES;
				CLANG_WARN_DIRECT_OBJC_ISA_USAGE = YES_ERROR;
				CLANG_WARN_DOCUMENTATION_COMMENTS = YES;
				CLANG_WARN_EMPTY_BODY = YES;
				CLANG_WARN_ENUM_CONVERSION = YES;
				CLANG_WARN_INFINITE_RECURSION = YES;
				CLANG_WARN_INT_CONVERSION = YES;
				CLANG_WARN_NON_LITERAL_NULL_CONVERSION = YES;
				CLANG_WARN_OBJC_IMPLICIT_RETAIN_SELF = YES;
				CLANG_WARN_OBJC_LITERAL_CONVERSION = YES;
				CLANG_WARN_OBJC_ROOT_CLASS = YES_ERROR;
				CLANG_WARN_QUOTED_INCLUDE_IN_FRAMEWORK_HEADER = YES;
				CLANG_WARN_RANGE_LOOP_ANALYSIS = YES;
				CLANG_WARN_STRICT_PROTOTYPES = YES;
				CLANG_WARN_SUSPICIOUS_MOVE = YES;
				CLANG_WARN_UNGUARDED_AVAILABILITY = YES_AGGRESSIVE;
				CLANG_WARN_UNREACHABLE_CODE = YES;
				CLANG_WARN__DUPLICATE_METHOD_MATCH = YES;
				COPY_PHASE_STRIP = NO;
				DEBUG_INFORMATION_FORMAT = dwarf;
				ENABLE_STRICT_OBJC_MSGSEND = YES;
				ENABLE_TESTABILITY = YES;
				ENABLE_USER_SCRIPT_SANDBOXING = YES;
				GCC_C_LANGUAGE_STANDARD = gnu17;
				GCC_DYNAMIC_NO_PIC = NO;
				GCC_NO_COMMON_BLOCKS = YES;
				GCC_OPTIMIZATION_LEVEL = 0;
				GCC_PREPROCESSOR_DEFINITIONS = (
					"DEBUG=1",
					"$(inherited)",
				);
				GCC_WARN_64_TO_32_BIT_CONVERSION = YES;
				GCC_WARN_ABOUT_RETURN_TYPE = YES_ERROR;
				GCC_WARN_UNDECLARED_SELECTOR = YES;
				GCC_WARN_UNINITIALIZED_AUTOS = YES_AGGRESSIVE;
				GCC_WARN_UNUSED_FUNCTION = YES;
				GCC_WARN_UNUSED_VARIABLE = YES;
				IPHONEOS_DEPLOYMENT_TARGET = 18.1;
				LOCALIZATION_PREFERS_STRING_CATALOGS = YES;
				MTL_ENABLE_DEBUG_INFO = INCLUDE_SOURCE;
				MTL_FAST_MATH = YES;
				ONLY_ACTIVE_ARCH = YES;
				SDKROOT = iphoneos;
				SWIFT_ACTIVE_COMPILATION_CONDITIONS = "DEBUG $(inherited)";
				SWIFT_OPTIMIZATION_LEVEL = "-Onone";
			};
			name = Debug;
		};
		ABAE9D402CDB4D7B005EA3A1 /* Release */ = {
			isa = XCBuildConfiguration;
			buildSettings = {
				ALWAYS_SEARCH_USER_PATHS = NO;
				ASSETCATALOG_COMPILER_GENERATE_SWIFT_ASSET_SYMBOL_EXTENSIONS = YES;
				CLANG_ANALYZER_NONNULL = YES;
				CLANG_ANALYZER_NUMBER_OBJECT_CONVERSION = YES_AGGRESSIVE;
				CLANG_CXX_LANGUAGE_STANDARD = "gnu++20";
				CLANG_ENABLE_MODULES = YES;
				CLANG_ENABLE_OBJC_ARC = YES;
				CLANG_ENABLE_OBJC_WEAK = YES;
				CLANG_WARN_BLOCK_CAPTURE_AUTORELEASING = YES;
				CLANG_WARN_BOOL_CONVERSION = YES;
				CLANG_WARN_COMMA = YES;
				CLANG_WARN_CONSTANT_CONVERSION = YES;
				CLANG_WARN_DEPRECATED_OBJC_IMPLEMENTATIONS = YES;
				CLANG_WARN_DIRECT_OBJC_ISA_USAGE = YES_ERROR;
				CLANG_WARN_DOCUMENTATION_COMMENTS = YES;
				CLANG_WARN_EMPTY_BODY = YES;
				CLANG_WARN_ENUM_CONVERSION = YES;
				CLANG_WARN_INFINITE_RECURSION = YES;
				CLANG_WARN_INT_CONVERSION = YES;
				CLANG_WARN_NON_LITERAL_NULL_CONVERSION = YES;
				CLANG_WARN_OBJC_IMPLICIT_RETAIN_SELF = YES;
				CLANG_WARN_OBJC_LITERAL_CONVERSION = YES;
				CLANG_WARN_OBJC_ROOT_CLASS = YES_ERROR;
				CLANG_WARN_QUOTED_INCLUDE_IN_FRAMEWORK_HEADER = YES;
				CLANG_WARN_RANGE_LOOP_ANALYSIS = YES;
				CLANG_WARN_STRICT_PROTOTYPES = YES;
				CLANG_WARN_SUSPICIOUS_MOVE = YES;
				CLANG_WARN_UNGUARDED_AVAILABILITY = YES_AGGRESSIVE;
				CLANG_WARN_UNREACHABLE_CODE = YES;
				CLANG_WARN__DUPLICATE_METHOD_MATCH = YES;
				COPY_PHASE_STRIP = NO;
				DEBUG_INFORMATION_FORMAT = "dwarf-with-dsym";
				ENABLE_NS_ASSERTIONS = NO;
				ENABLE_STRICT_OBJC_MSGSEND = YES;
				ENABLE_USER_SCRIPT_SANDBOXING = YES;
				GCC_C_LANGUAGE_STANDARD = gnu17;
				GCC_NO_COMMON_BLOCKS = YES;
				GCC_WARN_64_TO_32_BIT_CONVERSION = YES;
				GCC_WARN_ABOUT_RETURN_TYPE = YES_ERROR;
				GCC_WARN_UNDECLARED_SELECTOR = YES;
				GCC_WARN_UNINITIALIZED_AUTOS = YES_AGGRESSIVE;
				GCC_WARN_UNUSED_FUNCTION = YES;
				GCC_WARN_UNUSED_VARIABLE = YES;
				IPHONEOS_DEPLOYMENT_TARGET = 18.1;
				LOCALIZATION_PREFERS_STRING_CATALOGS = YES;
				MTL_ENABLE_DEBUG_INFO = NO;
				MTL_FAST_MATH = YES;
				SDKROOT = iphoneos;
				SWIFT_COMPILATION_MODE = wholemodule;
				VALIDATE_PRODUCT = YES;
			};
			name = Release;
		};
		ABAE9D422CDB4D7B005EA3A1 /* Debug */ = {
			isa = XCBuildConfiguration;
			buildSettings = {
				ASSETCATALOG_COMPILER_APPICON_NAME = AppIcon;
				ASSETCATALOG_COMPILER_GLOBAL_ACCENT_COLOR_NAME = AccentColor;
				CODE_SIGN_STYLE = Automatic;
				CURRENT_PROJECT_VERSION = 1;
				DEVELOPMENT_ASSET_PATHS = "\"JSBarcodes/Preview Content\"";
				DEVELOPMENT_TEAM = ZJ7C2RH66U;
				ENABLE_PREVIEWS = YES;
				GENERATE_INFOPLIST_FILE = YES;
				INFOPLIST_FILE = JSBarcodes/Info.plist;
				INFOPLIST_KEY_UIApplicationSceneManifest_Generation = YES;
				INFOPLIST_KEY_UIApplicationSupportsIndirectInputEvents = YES;
				INFOPLIST_KEY_UILaunchScreen_Generation = YES;
				INFOPLIST_KEY_UISupportedInterfaceOrientations_iPad = "UIInterfaceOrientationPortrait UIInterfaceOrientationPortraitUpsideDown UIInterfaceOrientationLandscapeLeft UIInterfaceOrientationLandscapeRight";
				INFOPLIST_KEY_UISupportedInterfaceOrientations_iPhone = "UIInterfaceOrientationPortrait UIInterfaceOrientationLandscapeLeft UIInterfaceOrientationLandscapeRight";
				IPHONEOS_DEPLOYMENT_TARGET = 17.6;
				LD_RUNPATH_SEARCH_PATHS = (
					"$(inherited)",
					"@executable_path/Frameworks",
				);
				MARKETING_VERSION = 1.0;
				PRODUCT_BUNDLE_IDENTIFIER = com.jas.JSBarcodes;
				PRODUCT_NAME = "$(TARGET_NAME)";
				SWIFT_EMIT_LOC_STRINGS = YES;
				SWIFT_VERSION = 5.0;
				TARGETED_DEVICE_FAMILY = "1,2";
			};
			name = Debug;
		};
		ABAE9D432CDB4D7B005EA3A1 /* Release */ = {
			isa = XCBuildConfiguration;
			buildSettings = {
				ASSETCATALOG_COMPILER_APPICON_NAME = AppIcon;
				ASSETCATALOG_COMPILER_GLOBAL_ACCENT_COLOR_NAME = AccentColor;
				CODE_SIGN_STYLE = Automatic;
				CURRENT_PROJECT_VERSION = 1;
				DEVELOPMENT_ASSET_PATHS = "\"JSBarcodes/Preview Content\"";
				DEVELOPMENT_TEAM = ZJ7C2RH66U;
				ENABLE_PREVIEWS = YES;
				GENERATE_INFOPLIST_FILE = YES;
				INFOPLIST_FILE = JSBarcodes/Info.plist;
				INFOPLIST_KEY_UIApplicationSceneManifest_Generation = YES;
				INFOPLIST_KEY_UIApplicationSupportsIndirectInputEvents = YES;
				INFOPLIST_KEY_UILaunchScreen_Generation = YES;
				INFOPLIST_KEY_UISupportedInterfaceOrientations_iPad = "UIInterfaceOrientationPortrait UIInterfaceOrientationPortraitUpsideDown UIInterfaceOrientationLandscapeLeft UIInterfaceOrientationLandscapeRight";
				INFOPLIST_KEY_UISupportedInterfaceOrientations_iPhone = "UIInterfaceOrientationPortrait UIInterfaceOrientationLandscapeLeft UIInterfaceOrientationLandscapeRight";
				IPHONEOS_DEPLOYMENT_TARGET = 17.6;
				LD_RUNPATH_SEARCH_PATHS = (
					"$(inherited)",
					"@executable_path/Frameworks",
				);
				MARKETING_VERSION = 1.0;
				PRODUCT_BUNDLE_IDENTIFIER = com.jas.JSBarcodes;
				PRODUCT_NAME = "$(TARGET_NAME)";
				SWIFT_EMIT_LOC_STRINGS = YES;
				SWIFT_VERSION = 5.0;
				TARGETED_DEVICE_FAMILY = "1,2";
			};
			name = Release;
		};
		ABAE9D452CDB4D7B005EA3A1 /* Debug */ = {
			isa = XCBuildConfiguration;
			buildSettings = {
				BUNDLE_LOADER = "$(TEST_HOST)";
				CODE_SIGN_STYLE = Automatic;
				CURRENT_PROJECT_VERSION = 1;
				DEVELOPMENT_TEAM = ZJ7C2RH66U;
				GENERATE_INFOPLIST_FILE = YES;
				IPHONEOS_DEPLOYMENT_TARGET = 18.1;
				MARKETING_VERSION = 1.0;
				PRODUCT_BUNDLE_IDENTIFIER = com.jas.JSBarcodesTests;
				PRODUCT_NAME = "$(TARGET_NAME)";
				SWIFT_EMIT_LOC_STRINGS = NO;
				SWIFT_VERSION = 5.0;
				TARGETED_DEVICE_FAMILY = "1,2";
				TEST_HOST = "$(BUILT_PRODUCTS_DIR)/JSBarcodes.app/$(BUNDLE_EXECUTABLE_FOLDER_PATH)/JSBarcodes";
			};
			name = Debug;
		};
		ABAE9D462CDB4D7B005EA3A1 /* Release */ = {
			isa = XCBuildConfiguration;
			buildSettings = {
				BUNDLE_LOADER = "$(TEST_HOST)";
				CODE_SIGN_STYLE = Automatic;
				CURRENT_PROJECT_VERSION = 1;
				DEVELOPMENT_TEAM = ZJ7C2RH66U;
				GENERATE_INFOPLIST_FILE = YES;
				IPHONEOS_DEPLOYMENT_TARGET = 18.1;
				MARKETING_VERSION = 1.0;
				PRODUCT_BUNDLE_IDENTIFIER = com.jas.JSBarcodesTests;
				PRODUCT_NAME = "$(TARGET_NAME)";
				SWIFT_EMIT_LOC_STRINGS = NO;
				SWIFT_VERSION = 5.0;
				TARGETED_DEVICE_FAMILY = "1,2";
				TEST_HOST = "$(BUILT_PRODUCTS_DIR)/JSBarcodes.app/$(BUNDLE_EXECUTABLE_FOLDER_PATH)/JSBarcodes";
			};
			name = Release;
		};
		ABAE9D482CDB4D7B005EA3A1 /* Debug */ = {
			isa = XCBuildConfiguration;
			buildSettings = {
				CODE_SIGN_STYLE = Automatic;
				CURRENT_PROJECT_VERSION = 1;
				DEVELOPMENT_TEAM = ZJ7C2RH66U;
				GENERATE_INFOPLIST_FILE = YES;
				MARKETING_VERSION = 1.0;
				PRODUCT_BUNDLE_IDENTIFIER = com.jas.JSBarcodesUITests;
				PRODUCT_NAME = "$(TARGET_NAME)";
				SWIFT_EMIT_LOC_STRINGS = NO;
				SWIFT_VERSION = 5.0;
				TARGETED_DEVICE_FAMILY = "1,2";
				TEST_TARGET_NAME = JSBarcodes;
			};
			name = Debug;
		};
		ABAE9D492CDB4D7B005EA3A1 /* Release */ = {
			isa = XCBuildConfiguration;
			buildSettings = {
				CODE_SIGN_STYLE = Automatic;
				CURRENT_PROJECT_VERSION = 1;
				DEVELOPMENT_TEAM = ZJ7C2RH66U;
				GENERATE_INFOPLIST_FILE = YES;
				MARKETING_VERSION = 1.0;
				PRODUCT_BUNDLE_IDENTIFIER = com.jas.JSBarcodesUITests;
				PRODUCT_NAME = "$(TARGET_NAME)";
				SWIFT_EMIT_LOC_STRINGS = NO;
				SWIFT_VERSION = 5.0;
				TARGETED_DEVICE_FAMILY = "1,2";
				TEST_TARGET_NAME = JSBarcodes;
			};
			name = Release;
		};
/* End XCBuildConfiguration section */

/* Begin XCConfigurationList section */
		ABAE9D182CDB4D7B005EA3A1 /* Build configuration list for PBXProject "JSBarcodes" */ = {
			isa = XCConfigurationList;
			buildConfigurations = (
				ABAE9D3F2CDB4D7B005EA3A1 /* Debug */,
				ABAE9D402CDB4D7B005EA3A1 /* Release */,
			);
			defaultConfigurationIsVisible = 0;
			defaultConfigurationName = Release;
		};
		ABAE9D412CDB4D7B005EA3A1 /* Build configuration list for PBXNativeTarget "JSBarcodes" */ = {
			isa = XCConfigurationList;
			buildConfigurations = (
				ABAE9D422CDB4D7B005EA3A1 /* Debug */,
				ABAE9D432CDB4D7B005EA3A1 /* Release */,
			);
			defaultConfigurationIsVisible = 0;
			defaultConfigurationName = Release;
		};
		ABAE9D442CDB4D7B005EA3A1 /* Build configuration list for PBXNativeTarget "JSBarcodesTests" */ = {
			isa = XCConfigurationList;
			buildConfigurations = (
				ABAE9D452CDB4D7B005EA3A1 /* Debug */,
				ABAE9D462CDB4D7B005EA3A1 /* Release */,
			);
			defaultConfigurationIsVisible = 0;
			defaultConfigurationName = Release;
		};
		ABAE9D472CDB4D7B005EA3A1 /* Build configuration list for PBXNativeTarget "JSBarcodesUITests" */ = {
			isa = XCConfigurationList;
			buildConfigurations = (
				ABAE9D482CDB4D7B005EA3A1 /* Debug */,
				ABAE9D492CDB4D7B005EA3A1 /* Release */,
			);
			defaultConfigurationIsVisible = 0;
			defaultConfigurationName = Release;
		};
/* End XCConfigurationList section */

/* Begin XCRemoteSwiftPackageReference section */
		AB60ED6E2CDCCD82009395A7 /* XCRemoteSwiftPackageReference "CoreXLSX" */ = {
			isa = XCRemoteSwiftPackageReference;
			repositoryURL = "https://github.com/CoreOffice/CoreXLSX";
			requirement = {
				kind = upToNextMajorVersion;
				minimumVersion = 0.14.2;
			};
		};
/* End XCRemoteSwiftPackageReference section */

/* Begin XCSwiftPackageProductDependency section */
		AB60ED6F2CDCCD96009395A7 /* CoreXLSX */ = {
			isa = XCSwiftPackageProductDependency;
			package = AB60ED6E2CDCCD82009395A7 /* XCRemoteSwiftPackageReference "CoreXLSX" */;
			productName = CoreXLSX;
		};
/* End XCSwiftPackageProductDependency section */
	};
	rootObject = ABAE9D152CDB4D7B005EA3A1 /* Project object */;
}
